
Microsoft Visual Studio Solution File, Format Version 12.00
# Visual Studio Version 16
VisualStudioVersion = 16.0.28803.452
MinimumVisualStudioVersion = 10.0.40219.1
Project("{FAE04EC0-301F-11D3-BF4B-00C04F79EFBC}") = "ConsoleApp1", "ConsoleApp1\ConsoleApp1.csproj", "{72E91720-B56E-41F5-B128-662A2B8476B5}"
EndProject
Global
	GlobalSection(SolutionConfigurationPlatforms) = preSolution
		Debug|Any CPU = Debug|Any CPU
		Release|Any CPU = Release|Any CPU
	EndGlobalSection
	GlobalSection(ProjectConfigurationPlatforms) = postSolution
		{72E91720-B56E-41F5-B128-662A2B8476B5}.Debug|Any CPU.ActiveCfg = Debug|Any CPU
		{72E91720-B56E-41F5-B128-662A2B8476B5}.Debug|Any CPU.Build.0 = Debug|Any CPU
		{72E91720-B56E-41F5-B128-662A2B8476B5}.Release|Any CPU.ActiveCfg = Release|Any CPU
		{72E91720-B56E-41F5-B128-662A2B8476B5}.Release|Any CPU.Build.0 = Release|Any CPU
	EndGlobalSection
	GlobalSection(SolutionProperties) = preSolution
		HideSolutionNode = FALSE
	EndGlobalSection
	GlobalSection(ExtensibilityGlobals) = postSolution
		SolutionGuid = {4DA77884-7D58-485B-A088-0E2D6CEB9D9B}
	EndGlobalSection
EndGlobal
